
Microsoft Visual Studio Solution File, Format Version 12.00
# Visual Studio Version 17
VisualStudioVersion = 17.1.32127.271
MinimumVisualStudioVersion = 10.0.40219.1
Project("{FAE04EC0-301F-11D3-BF4B-00C04F79EFBC}") = "P2_JWT_Net5.0", "P2_JWT_Net5.0\P2_JWT_Net5.0.csproj", "{612F73DD-1215-4D1B-A199-329562595D56}"
EndProject
Global
	GlobalSection(SolutionConfigurationPlatforms) = preSolution
		Debug|Any CPU = Debug|Any CPU
		Release|Any CPU = Release|Any CPU
	EndGlobalSection
	GlobalSection(ProjectConfigurationPlatforms) = postSolution
		{612F73DD-1215-4D1B-A199-329562595D56}.Debug|Any CPU.ActiveCfg = Debug|Any CPU
		{612F73DD-1215-4D1B-A199-329562595D56}.Debug|Any CPU.Build.0 = Debug|Any CPU
		{612F73DD-1215-4D1B-A199-329562595D56}.Release|Any CPU.ActiveCfg = Release|Any CPU
		{612F73DD-1215-4D1B-A199-329562595D56}.Release|Any CPU.Build.0 = Release|Any CPU
	EndGlobalSection
	GlobalSection(SolutionProperties) = preSolution
		HideSolutionNode = FALSE
	EndGlobalSection
	GlobalSection(ExtensibilityGlobals) = postSolution
		SolutionGuid = {1F45813D-1005-4C15-AAF4-9DFD6ABAB85D}
	EndGlobalSection
EndGlobal
